<?xml version="1.0" encoding="utf-8"?>
<Project ToolsVersion="4.0" xmlns="http://schemas.microsoft.com/developer/msbuild/2003">
  <ItemGroup>
    <Filter Include="system">
      <UniqueIdentifier>{57347c9b-27f8-47d0-9312-3e598e5e00c4}</UniqueIdentifier>
    </Filter>
  </ItemGroup>
  <ItemGroup>
    <ClInclude Include="targetver.h">
      <Filter>system</Filter>
    </ClInclude>
    <ClInclude Include="stdafx.h">
      <Filter>system</Filter>
    </ClInclude>
  </ItemGroup>
  <ItemGroup>
    <ClCompile Include="stdafx.cpp">
      <Filter>system</Filter>
    </ClCompile>
    <ClCompile Include="segment.cpp" />
  </ItemGroup>
</Project>